
Microsoft Visual Studio Solution File, Format Version 12.00
# Visual Studio Version 16
VisualStudioVersion = 16.0.30517.126
MinimumVisualStudioVersion = 10.0.40219.1
Project("{FAE04EC0-301F-11D3-BF4B-00C04F79EFBC}") = "Laba4", "Laba4\Laba4.csproj", "{68E5B680-BCEA-4FCD-BBDE-769973989BA1}"
EndProject
Global
	GlobalSection(SolutionConfigurationPlatforms) = preSolution
		Debug|Any CPU = Debug|Any CPU
		Release|Any CPU = Release|Any CPU
	EndGlobalSection
	GlobalSection(ProjectConfigurationPlatforms) = postSolution
		{68E5B680-BCEA-4FCD-BBDE-769973989BA1}.Debug|Any CPU.ActiveCfg = Debug|Any CPU
		{68E5B680-BCEA-4FCD-BBDE-769973989BA1}.Debug|Any CPU.Build.0 = Debug|Any CPU
		{68E5B680-BCEA-4FCD-BBDE-769973989BA1}.Release|Any CPU.ActiveCfg = Release|Any CPU
		{68E5B680-BCEA-4FCD-BBDE-769973989BA1}.Release|Any CPU.Build.0 = Release|Any CPU
	EndGlobalSection
	GlobalSection(SolutionProperties) = preSolution
		HideSolutionNode = FALSE
	EndGlobalSection
	GlobalSection(ExtensibilityGlobals) = postSolution
		SolutionGuid = {012C9DE6-D31C-4B78-B09E-2CF4576A31AB}
	EndGlobalSection
EndGlobal
