
Microsoft Visual Studio Solution File, Format Version 12.00
# Visual Studio Version 16
VisualStudioVersion = 16.0.30517.126
MinimumVisualStudioVersion = 10.0.40219.1
Project("{FAE04EC0-301F-11D3-BF4B-00C04F79EFBC}") = "Labaa5", "Labaa5\Labaa5.csproj", "{F8E740B4-FFB1-4341-8F88-09E093C48091}"
EndProject
Global
	GlobalSection(SolutionConfigurationPlatforms) = preSolution
		Debug|Any CPU = Debug|Any CPU
		Release|Any CPU = Release|Any CPU
	EndGlobalSection
	GlobalSection(ProjectConfigurationPlatforms) = postSolution
		{F8E740B4-FFB1-4341-8F88-09E093C48091}.Debug|Any CPU.ActiveCfg = Debug|Any CPU
		{F8E740B4-FFB1-4341-8F88-09E093C48091}.Debug|Any CPU.Build.0 = Debug|Any CPU
		{F8E740B4-FFB1-4341-8F88-09E093C48091}.Release|Any CPU.ActiveCfg = Release|Any CPU
		{F8E740B4-FFB1-4341-8F88-09E093C48091}.Release|Any CPU.Build.0 = Release|Any CPU
	EndGlobalSection
	GlobalSection(SolutionProperties) = preSolution
		HideSolutionNode = FALSE
	EndGlobalSection
	GlobalSection(ExtensibilityGlobals) = postSolution
		SolutionGuid = {125FAADB-FF48-40C8-9D4D-DD5C0D10B7F8}
	EndGlobalSection
EndGlobal
